
Microsoft Visual Studio Solution File, Format Version 12.00
# Visual Studio Version 17
VisualStudioVersion = 17.3.32929.385
MinimumVisualStudioVersion = 10.0.40219.1
Project("{F184B08F-C81C-45F6-A57F-5ABD9991F28F}") = "Enjaz2014", "Enjaz2014\Enjaz2014.vbproj", "{75404650-B7C7-4033-A449-D06E86DAF646}"
EndProject
Global
	GlobalSection(SolutionConfigurationPlatforms) = preSolution
		Debug|Any CPU = Debug|Any CPU
		Debug|x64 = Debug|x64
		Release|Any CPU = Release|Any CPU
		Release|x64 = Release|x64
	EndGlobalSection
	GlobalSection(ProjectConfigurationPlatforms) = postSolution
		{75404650-B7C7-4033-A449-D06E86DAF646}.Debug|Any CPU.ActiveCfg = Debug|Any CPU
		{75404650-B7C7-4033-A449-D06E86DAF646}.Debug|Any CPU.Build.0 = Debug|Any CPU
		{75404650-B7C7-4033-A449-D06E86DAF646}.Debug|x64.ActiveCfg = Debug|x64
		{75404650-B7C7-4033-A449-D06E86DAF646}.Debug|x64.Build.0 = Debug|x64
		{75404650-B7C7-4033-A449-D06E86DAF646}.Release|Any CPU.ActiveCfg = Release|Any CPU
		{75404650-B7C7-4033-A449-D06E86DAF646}.Release|Any CPU.Build.0 = Release|Any CPU
		{75404650-B7C7-4033-A449-D06E86DAF646}.Release|x64.ActiveCfg = Release|x64
		{75404650-B7C7-4033-A449-D06E86DAF646}.Release|x64.Build.0 = Release|x64
	EndGlobalSection
	GlobalSection(SolutionProperties) = preSolution
		HideSolutionNode = FALSE
	EndGlobalSection
	GlobalSection(ExtensibilityGlobals) = postSolution
		SolutionGuid = {C3254A1F-2526-4AB9-8874-179C15257094}
	EndGlobalSection
	GlobalSection(Performance) = preSolution
		HasPerformanceSessions = true
	EndGlobalSection
EndGlobal
